
Microsoft Visual Studio Solution File, Format Version 12.00
# Visual Studio Version 17
VisualStudioVersion = 17.8.34322.80
MinimumVisualStudioVersion = 10.0.40219.1
Project("{FAE04EC0-301F-11D3-BF4B-00C04F79EFBC}") = "TapeEquilibrium Challenge", "TapeEquilibrium Challenge\TapeEquilibrium Challenge.csproj", "{033F94B4-2A30-4EFC-A388-4041280ED754}"
EndProject
Global
	GlobalSection(SolutionConfigurationPlatforms) = preSolution
		Debug|Any CPU = Debug|Any CPU
		Release|Any CPU = Release|Any CPU
	EndGlobalSection
	GlobalSection(ProjectConfigurationPlatforms) = postSolution
		{033F94B4-2A30-4EFC-A388-4041280ED754}.Debug|Any CPU.ActiveCfg = Debug|Any CPU
		{033F94B4-2A30-4EFC-A388-4041280ED754}.Debug|Any CPU.Build.0 = Debug|Any CPU
		{033F94B4-2A30-4EFC-A388-4041280ED754}.Release|Any CPU.ActiveCfg = Release|Any CPU
		{033F94B4-2A30-4EFC-A388-4041280ED754}.Release|Any CPU.Build.0 = Release|Any CPU
	EndGlobalSection
	GlobalSection(SolutionProperties) = preSolution
		HideSolutionNode = FALSE
	EndGlobalSection
	GlobalSection(ExtensibilityGlobals) = postSolution
		SolutionGuid = {B51B83AA-2A7B-4D4F-A5ED-389CF618B245}
	EndGlobalSection
EndGlobal
